<?xml version="1.0" encoding="utf-8"?>
<Project ToolsVersion="4.0" xmlns="http://schemas.microsoft.com/developer/msbuild/2003">
  <ItemGroup>
    <Filter Include="Source Files">
      <UniqueIdentifier>{4FC737F1-C7A5-4376-A066-2A32D752A2FF}</UniqueIdentifier>
      <Extensions>cpp;c;cc;cxx;def;odl;idl;hpj;bat;asm;asmx</Extensions>
    </Filter>
    <Filter Include="Header Files">
      <UniqueIdentifier>{93995380-89BD-4b04-88EB-625FBE52EBFB}</UniqueIdentifier>
      <Extensions>h;hh;hpp;hxx;hm;inl;inc;ipp;xsd</Extensions>
    </Filter>
    <Filter Include="Resource Files">
      <UniqueIdentifier>{67DA6AB6-F800-4c08-8B7A-83BB121AAD01}</UniqueIdentifier>
      <Extensions>rc;ico;cur;bmp;dlg;rc2;rct;bin;rgs;gif;jpg;jpeg;jpe;resx;tiff;tif;png;wav;mfcribbon-ms</Extensions>
    </Filter>
  </ItemGroup>
  <ItemGroup>
    <ClCompile Include="CubismFramework.cpp">
      <Filter>Source Files</Filter>
    </ClCompile>
    <ClCompile Include="CubismModelSettingJson.cpp">
      <Filter>Source Files</Filter>
    </ClCompile>
    <ClCompile Include="Effect\CubismBreath.cpp">
      <Filter>Source Files</Filter>
    </ClCompile>
    <ClCompile Include="Effect\CubismEyeBlink.cpp">
      <Filter>Source Files</Filter>
    </ClCompile>
    <ClCompile Include="Effect\CubismPose.cpp">
      <Filter>Source Files</Filter>
    </ClCompile>
    <ClCompile Include="Id\CubismId.cpp">
      <Filter>Source Files</Filter>
    </ClCompile>
    <ClCompile Include="Id\CubismIdManager.cpp">
      <Filter>Source Files</Filter>
    </ClCompile>
    <ClCompile Include="Math\CubismMath.cpp">
      <Filter>Source Files</Filter>
    </ClCompile>
    <ClCompile Include="Math\CubismMatrix44.cpp">
      <Filter>Source Files</Filter>
    </ClCompile>
    <ClCompile Include="Math\CubismModelMatrix.cpp">
      <Filter>Source Files</Filter>
    </ClCompile>
    <ClCompile Include="Math\CubismTargetPoint.cpp">
      <Filter>Source Files</Filter>
    </ClCompile>
    <ClCompile Include="Math\CubismVector2.cpp">
      <Filter>Source Files</Filter>
    </ClCompile>
    <ClCompile Include="Math\CubismViewMatrix.cpp">
      <Filter>Source Files</Filter>
    </ClCompile>
    <ClCompile Include="Model\CubismMoc.cpp">
      <Filter>Source Files</Filter>
    </ClCompile>
    <ClCompile Include="Model\CubismModel.cpp">
      <Filter>Source Files</Filter>
    </ClCompile>
    <ClCompile Include="Model\CubismModelUserData.cpp">
      <Filter>Source Files</Filter>
    </ClCompile>
    <ClCompile Include="Model\CubismModelUserDataJson.cpp">
      <Filter>Source Files</Filter>
    </ClCompile>
    <ClCompile Include="Model\CubismUserModel.cpp">
      <Filter>Source Files</Filter>
    </ClCompile>
    <ClCompile Include="Motion\ACubismMotion.cpp">
      <Filter>Source Files</Filter>
    </ClCompile>
    <ClCompile Include="Motion\CubismExpressionMotion.cpp">
      <Filter>Source Files</Filter>
    </ClCompile>
    <ClCompile Include="Motion\CubismMotion.cpp">
      <Filter>Source Files</Filter>
    </ClCompile>
    <ClCompile Include="Motion\CubismMotionJson.cpp">
      <Filter>Source Files</Filter>
    </ClCompile>
    <ClCompile Include="Motion\CubismMotionManager.cpp">
      <Filter>Source Files</Filter>
    </ClCompile>
    <ClCompile Include="Motion\CubismMotionQueueEntry.cpp">
      <Filter>Source Files</Filter>
    </ClCompile>
    <ClCompile Include="Motion\CubismMotionQueueManager.cpp">
      <Filter>Source Files</Filter>
    </ClCompile>
    <ClCompile Include="Physics\CubismPhysics.cpp">
      <Filter>Source Files</Filter>
    </ClCompile>
    <ClCompile Include="Physics\CubismPhysicsJson.cpp">
      <Filter>Source Files</Filter>
    </ClCompile>
    <ClCompile Include="Rendering\CubismRenderer.cpp">
      <Filter>Source Files</Filter>
    </ClCompile>
    <ClCompile Include="Type\csmRectF.cpp">
      <Filter>Source Files</Filter>
    </ClCompile>
    <ClCompile Include="Type\csmString.cpp">
      <Filter>Source Files</Filter>
    </ClCompile>
    <ClCompile Include="Utils\CubismDebug.cpp">
      <Filter>Source Files</Filter>
    </ClCompile>
    <ClCompile Include="Utils\CubismJson.cpp">
      <Filter>Source Files</Filter>
    </ClCompile>
    <ClCompile Include="Utils\CubismString.cpp">
      <Filter>Source Files</Filter>
    </ClCompile>
    <ClCompile Include="CubismDefaultParameterId.cpp">
      <Filter>Source Files</Filter>
    </ClCompile>
    <ClCompile Include="Rendering\OpenGL\CubismRenderer_d3d11.cpp">
      <Filter>Source Files</Filter>
    </ClCompile>
  </ItemGroup>
  <ItemGroup>
    <ClInclude Include="CubismFramework.hpp">
      <Filter>Header Files</Filter>
    </ClInclude>
    <ClInclude Include="CubismFrameworkConfig.hpp">
      <Filter>Header Files</Filter>
    </ClInclude>
    <ClInclude Include="CubismModelSettingJson.hpp">
      <Filter>Header Files</Filter>
    </ClInclude>
    <ClInclude Include="ICubismAllocator.hpp">
      <Filter>Header Files</Filter>
    </ClInclude>
    <ClInclude Include="ICubismModelSetting.hpp">
      <Filter>Header Files</Filter>
    </ClInclude>
    <ClInclude Include="Live2DCubismCore.hpp">
      <Filter>Header Files</Filter>
    </ClInclude>
    <ClInclude Include="Effect\CubismBreath.hpp">
      <Filter>Header Files</Filter>
    </ClInclude>
    <ClInclude Include="Effect\CubismEyeBlink.hpp">
      <Filter>Header Files</Filter>
    </ClInclude>
    <ClInclude Include="Effect\CubismPose.hpp">
      <Filter>Header Files</Filter>
    </ClInclude>
    <ClInclude Include="Id\CubismId.hpp">
      <Filter>Header Files</Filter>
    </ClInclude>
    <ClInclude Include="Id\CubismIdManager.hpp">
      <Filter>Header Files</Filter>
    </ClInclude>
    <ClInclude Include="Math\CubismMath.hpp">
      <Filter>Header Files</Filter>
    </ClInclude>
    <ClInclude Include="Math\CubismMatrix44.hpp">
      <Filter>Header Files</Filter>
    </ClInclude>
    <ClInclude Include="Math\CubismModelMatrix.hpp">
      <Filter>Header Files</Filter>
    </ClInclude>
    <ClInclude Include="Math\CubismTargetPoint.hpp">
      <Filter>Header Files</Filter>
    </ClInclude>
    <ClInclude Include="Math\CubismVector2.hpp">
      <Filter>Header Files</Filter>
    </ClInclude>
    <ClInclude Include="Math\CubismViewMatrix.hpp">
      <Filter>Header Files</Filter>
    </ClInclude>
    <ClInclude Include="Model\CubismMoc.hpp">
      <Filter>Header Files</Filter>
    </ClInclude>
    <ClInclude Include="Model\CubismModel.hpp">
      <Filter>Header Files</Filter>
    </ClInclude>
    <ClInclude Include="Model\CubismModelUserData.hpp">
      <Filter>Header Files</Filter>
    </ClInclude>
    <ClInclude Include="Model\CubismModelUserDataJson.hpp">
      <Filter>Header Files</Filter>
    </ClInclude>
    <ClInclude Include="Model\CubismUserModel.hpp">
      <Filter>Header Files</Filter>
    </ClInclude>
    <ClInclude Include="Motion\ACubismMotion.hpp">
      <Filter>Header Files</Filter>
    </ClInclude>
    <ClInclude Include="Motion\CubismExpressionMotion.hpp">
      <Filter>Header Files</Filter>
    </ClInclude>
    <ClInclude Include="Motion\CubismMotion.hpp">
      <Filter>Header Files</Filter>
    </ClInclude>
    <ClInclude Include="Motion\CubismMotionInternal.hpp">
      <Filter>Header Files</Filter>
    </ClInclude>
    <ClInclude Include="Motion\CubismMotionJson.hpp">
      <Filter>Header Files</Filter>
    </ClInclude>
    <ClInclude Include="Motion\CubismMotionManager.hpp">
      <Filter>Header Files</Filter>
    </ClInclude>
    <ClInclude Include="Motion\CubismMotionQueueEntry.hpp">
      <Filter>Header Files</Filter>
    </ClInclude>
    <ClInclude Include="Motion\CubismMotionQueueManager.hpp">
      <Filter>Header Files</Filter>
    </ClInclude>
    <ClInclude Include="Physics\CubismPhysics.hpp">
      <Filter>Header Files</Filter>
    </ClInclude>
    <ClInclude Include="Physics\CubismPhysicsInternal.hpp">
      <Filter>Header Files</Filter>
    </ClInclude>
    <ClInclude Include="Physics\CubismPhysicsJson.hpp">
      <Filter>Header Files</Filter>
    </ClInclude>
    <ClInclude Include="Rendering\CubismRenderer.hpp">
      <Filter>Header Files</Filter>
    </ClInclude>
    <ClInclude Include="Type\csmMap.hpp">
      <Filter>Header Files</Filter>
    </ClInclude>
    <ClInclude Include="Type\csmRectF.hpp">
      <Filter>Header Files</Filter>
    </ClInclude>
    <ClInclude Include="Type\csmString.hpp">
      <Filter>Header Files</Filter>
    </ClInclude>
    <ClInclude Include="Type\csmVector.hpp">
      <Filter>Header Files</Filter>
    </ClInclude>
    <ClInclude Include="Type\CubismBasicType.hpp">
      <Filter>Header Files</Filter>
    </ClInclude>
    <ClInclude Include="Utils\CubismDebug.hpp">
      <Filter>Header Files</Filter>
    </ClInclude>
    <ClInclude Include="Utils\CubismJson.hpp">
      <Filter>Header Files</Filter>
    </ClInclude>
    <ClInclude Include="Utils\CubismString.hpp">
      <Filter>Header Files</Filter>
    </ClInclude>
    <ClInclude Include="CubismDefaultParameterId.hpp">
      <Filter>Header Files</Filter>
    </ClInclude>
    <ClInclude Include="Rendering\OpenGL\CubismRenderer_d3d11.hpp">
      <Filter>Header Files</Filter>
    </ClInclude>
  </ItemGroup>
  <ItemGroup>
    <FxCompile Include="Rendering\OpenGL\shader\VertShaderSrcSetupMask.hlsl" />
    <FxCompile Include="Rendering\OpenGL\shader\FragShaderSrcSetupMask.hlsl" />
    <FxCompile Include="Rendering\OpenGL\shader\VertShaderSrc.hlsl" />
    <FxCompile Include="Rendering\OpenGL\shader\VertShaderSrcMasked.hlsl" />
    <FxCompile Include="Rendering\OpenGL\shader\FragShaderSrc.hlsl" />
    <FxCompile Include="Rendering\OpenGL\shader\FragShaderSrcPremultipliedAlpha.hlsl" />
    <FxCompile Include="Rendering\OpenGL\shader\FragShaderSrcNormalMask.hlsl" />
    <FxCompile Include="Rendering\OpenGL\shader\FragShaderSrcNormalMaskPremultipliedAlpha.hlsl" />
    <FxCompile Include="Rendering\OpenGL\shader\FragShaderSrcAddMask.hlsl" />
    <FxCompile Include="Rendering\OpenGL\shader\FragShaderSrcAddMaskPremultipliedAlpha.hlsl" />
    <FxCompile Include="Rendering\OpenGL\shader\FragShaderSrcMultMask.hlsl" />
    <FxCompile Include="Rendering\OpenGL\shader\FragShaderSrcMultMaskPremultipliedAlpha.hlsl" />
    <FxCompile Include="Rendering\OpenGL\shader\VertShaderSrcDebug.hlsl" />
    <FxCompile Include="Rendering\OpenGL\shader\FragShaderSrcDebug.hlsl" />
  </ItemGroup>
</Project>